
Microsoft Visual Studio Solution File, Format Version 12.00
# Visual Studio Version 17
VisualStudioVersion = 17.13.35828.75 d17.13
MinimumVisualStudioVersion = 10.0.40219.1
Project("{FAE04EC0-301F-11D3-BF4B-00C04F79EFBC}") = "DataBaseDeneme", "DataBaseDeneme\DataBaseDeneme.csproj", "{BA012538-A5FA-4F68-92B5-E717CA7C69F5}"
EndProject
Global
	GlobalSection(SolutionConfigurationPlatforms) = preSolution
		Debug|Any CPU = Debug|Any CPU
		Release|Any CPU = Release|Any CPU
	EndGlobalSection
	GlobalSection(ProjectConfigurationPlatforms) = postSolution
		{BA012538-A5FA-4F68-92B5-E717CA7C69F5}.Debug|Any CPU.ActiveCfg = Debug|Any CPU
		{BA012538-A5FA-4F68-92B5-E717CA7C69F5}.Debug|Any CPU.Build.0 = Debug|Any CPU
		{BA012538-A5FA-4F68-92B5-E717CA7C69F5}.Release|Any CPU.ActiveCfg = Release|Any CPU
		{BA012538-A5FA-4F68-92B5-E717CA7C69F5}.Release|Any CPU.Build.0 = Release|Any CPU
	EndGlobalSection
	GlobalSection(SolutionProperties) = preSolution
		HideSolutionNode = FALSE
	EndGlobalSection
	GlobalSection(ExtensibilityGlobals) = postSolution
		SolutionGuid = {AE58109B-8388-4796-8CE2-6DF82C2B5CED}
	EndGlobalSection
EndGlobal
